# THIS IS AN AUTOGENERATED FILE. DO NOT EDIT THIS FILE DIRECTLY.
# yarn lockfile v1


"@fortawesome/fontawesome-free@^5.15.1":
  version "5.15.1"
  resolved "https://registry.yarnpkg.com/@fortawesome/fontawesome-free/-/fontawesome-free-5.15.1.tgz#ccfef6ddbe59f8fe8f694783e1d3eb88902dc5eb"
  integrity sha512-OEdH7SyC1suTdhBGW91/zBfR6qaIhThbcN8PUXtXilY4GYnSBbVqOntdHbC1vXwsDnX0Qix2m2+DSU1J51ybOQ==

bootstrap@^4.5.2:
  version "4.5.2"
  resolved "https://registry.yarnpkg.com/bootstrap/-/bootstrap-4.5.2.tgz#a85c4eda59155f0d71186b6e6ad9b875813779ab"
  integrity sha512-vlGn0bcySYl/iV+BGA544JkkZP5LB3jsmkeKLFQakCOwCM3AOk7VkldBz4jrzSe+Z0Ezn99NVXa1o45cQY4R6A==
